
Microsoft Visual Studio Solution File, Format Version 12.00
# Visual Studio 2013
VisualStudioVersion = 12.0.31101.0
MinimumVisualStudioVersion = 10.0.40219.1
Project("{151D2E53-A2C4-4D7D-83FE-D05416EBD58E}") = "vm-deploy001", "vm-deploy001\vm-deploy001.deployproj", "{A872D59B-7FE0-48D2-B51A-77E93A11A784}"
EndProject
Global
	GlobalSection(SolutionConfigurationPlatforms) = preSolution
		Debug|Any CPU = Debug|Any CPU
		Release|Any CPU = Release|Any CPU
	EndGlobalSection
	GlobalSection(ProjectConfigurationPlatforms) = postSolution
		{A872D59B-7FE0-48D2-B51A-77E93A11A784}.Debug|Any CPU.ActiveCfg = Debug|Any CPU
		{A872D59B-7FE0-48D2-B51A-77E93A11A784}.Debug|Any CPU.Build.0 = Debug|Any CPU
		{A872D59B-7FE0-48D2-B51A-77E93A11A784}.Release|Any CPU.ActiveCfg = Release|Any CPU
		{A872D59B-7FE0-48D2-B51A-77E93A11A784}.Release|Any CPU.Build.0 = Release|Any CPU
	EndGlobalSection
	GlobalSection(SolutionProperties) = preSolution
		HideSolutionNode = FALSE
	EndGlobalSection
EndGlobal
