
Microsoft Visual Studio Solution File, Format Version 12.00
# Visual Studio 2013
VisualStudioVersion = 12.0.31101.0
MinimumVisualStudioVersion = 10.0.40219.1
Project("{151D2E53-A2C4-4D7D-83FE-D05416EBD58E}") = "vnet-subnet-nsg-mapped", "vnet-subnet-nsg-mapped\vnet-subnet-nsg-mapped.deployproj", "{F465764E-6208-450F-836B-AD8ACF151914}"
EndProject
Global
	GlobalSection(SolutionConfigurationPlatforms) = preSolution
		Debug|Any CPU = Debug|Any CPU
		Release|Any CPU = Release|Any CPU
	EndGlobalSection
	GlobalSection(ProjectConfigurationPlatforms) = postSolution
		{F465764E-6208-450F-836B-AD8ACF151914}.Debug|Any CPU.ActiveCfg = Debug|Any CPU
		{F465764E-6208-450F-836B-AD8ACF151914}.Debug|Any CPU.Build.0 = Debug|Any CPU
		{F465764E-6208-450F-836B-AD8ACF151914}.Release|Any CPU.ActiveCfg = Release|Any CPU
		{F465764E-6208-450F-836B-AD8ACF151914}.Release|Any CPU.Build.0 = Release|Any CPU
	EndGlobalSection
	GlobalSection(SolutionProperties) = preSolution
		HideSolutionNode = FALSE
	EndGlobalSection
EndGlobal
